
Microsoft Visual Studio Solution File, Format Version 12.00
# Visual Studio 15
VisualStudioVersion = 15.0.28307.1401
MinimumVisualStudioVersion = 10.0.40219.1
Project("{9A19103F-16F7-4668-BE54-9A1E7A4F7556}") = "BasketApp", "BasketApp\BasketApp.csproj", "{49541161-C75C-48B8-8F58-2846685D6EA0}"
EndProject
Project("{FAE04EC0-301F-11D3-BF4B-00C04F79EFBC}") = "UnitTestBasketApp", "UnitTestBasketApp\UnitTestBasketApp.csproj", "{ED448366-834B-45FA-94B5-88DBAA79A8CC}"
EndProject
Global
	GlobalSection(SolutionConfigurationPlatforms) = preSolution
		Debug|Any CPU = Debug|Any CPU
		Release|Any CPU = Release|Any CPU
	EndGlobalSection
	GlobalSection(ProjectConfigurationPlatforms) = postSolution
		{49541161-C75C-48B8-8F58-2846685D6EA0}.Debug|Any CPU.ActiveCfg = Debug|Any CPU
		{49541161-C75C-48B8-8F58-2846685D6EA0}.Debug|Any CPU.Build.0 = Debug|Any CPU
		{49541161-C75C-48B8-8F58-2846685D6EA0}.Release|Any CPU.ActiveCfg = Release|Any CPU
		{49541161-C75C-48B8-8F58-2846685D6EA0}.Release|Any CPU.Build.0 = Release|Any CPU
		{ED448366-834B-45FA-94B5-88DBAA79A8CC}.Debug|Any CPU.ActiveCfg = Debug|Any CPU
		{ED448366-834B-45FA-94B5-88DBAA79A8CC}.Debug|Any CPU.Build.0 = Debug|Any CPU
		{ED448366-834B-45FA-94B5-88DBAA79A8CC}.Release|Any CPU.ActiveCfg = Release|Any CPU
		{ED448366-834B-45FA-94B5-88DBAA79A8CC}.Release|Any CPU.Build.0 = Release|Any CPU
	EndGlobalSection
	GlobalSection(SolutionProperties) = preSolution
		HideSolutionNode = FALSE
	EndGlobalSection
	GlobalSection(ExtensibilityGlobals) = postSolution
		SolutionGuid = {B264F068-76DC-40F6-97DC-301B2BEE14F2}
	EndGlobalSection
EndGlobal
